
Microsoft Visual Studio Solution File, Format Version 12.00
# Visual Studio Version 16
VisualStudioVersion = 16.0.30626.31
MinimumVisualStudioVersion = 10.0.40219.1
Project("{FAE04EC0-301F-11D3-BF4B-00C04F79EFBC}") = "DotNetCoreCRUD", "DotNetCoreCRUD.csproj", "{DD714AD4-1394-4CB7-A517-3DAFB18222C2}"
EndProject
Project("{FAE04EC0-301F-11D3-BF4B-00C04F79EFBC}") = "DotNetCoreCRUD.Models", "..\DotNetCoreCRUD.Models\DotNetCoreCRUD.Models.csproj", "{12059EAF-53A4-4AE6-B457-E0713D7243FE}"
EndProject
Project("{FAE04EC0-301F-11D3-BF4B-00C04F79EFBC}") = "DotNetCoreCRUD.Data", "..\DotNetCoreCRUD.Data\DotNetCoreCRUD.Data.csproj", "{6828063B-98D0-4ABE-943F-54A68913AF26}"
EndProject
Global
	GlobalSection(SolutionConfigurationPlatforms) = preSolution
		Debug|Any CPU = Debug|Any CPU
		Release|Any CPU = Release|Any CPU
	EndGlobalSection
	GlobalSection(ProjectConfigurationPlatforms) = postSolution
		{DD714AD4-1394-4CB7-A517-3DAFB18222C2}.Debug|Any CPU.ActiveCfg = Debug|Any CPU
		{DD714AD4-1394-4CB7-A517-3DAFB18222C2}.Debug|Any CPU.Build.0 = Debug|Any CPU
		{DD714AD4-1394-4CB7-A517-3DAFB18222C2}.Release|Any CPU.ActiveCfg = Release|Any CPU
		{DD714AD4-1394-4CB7-A517-3DAFB18222C2}.Release|Any CPU.Build.0 = Release|Any CPU
		{12059EAF-53A4-4AE6-B457-E0713D7243FE}.Debug|Any CPU.ActiveCfg = Debug|Any CPU
		{12059EAF-53A4-4AE6-B457-E0713D7243FE}.Debug|Any CPU.Build.0 = Debug|Any CPU
		{12059EAF-53A4-4AE6-B457-E0713D7243FE}.Release|Any CPU.ActiveCfg = Release|Any CPU
		{12059EAF-53A4-4AE6-B457-E0713D7243FE}.Release|Any CPU.Build.0 = Release|Any CPU
		{6828063B-98D0-4ABE-943F-54A68913AF26}.Debug|Any CPU.ActiveCfg = Debug|Any CPU
		{6828063B-98D0-4ABE-943F-54A68913AF26}.Debug|Any CPU.Build.0 = Debug|Any CPU
		{6828063B-98D0-4ABE-943F-54A68913AF26}.Release|Any CPU.ActiveCfg = Release|Any CPU
		{6828063B-98D0-4ABE-943F-54A68913AF26}.Release|Any CPU.Build.0 = Release|Any CPU
	EndGlobalSection
	GlobalSection(SolutionProperties) = preSolution
		HideSolutionNode = FALSE
	EndGlobalSection
	GlobalSection(ExtensibilityGlobals) = postSolution
		SolutionGuid = {E66118E7-E740-4A78-9748-1D313E297921}
	EndGlobalSection
EndGlobal
